
Microsoft Visual Studio Solution File, Format Version 12.00
# Visual Studio Version 17
VisualStudioVersion = 17.5.002.0
MinimumVisualStudioVersion = 10.0.40219.1
Project("{9A19103F-16F7-4668-BE54-9A1E7A4F7556}") = "a3-202401", "a3-202401.csproj", "{63D6BEEC-1F15-4B27-9692-C61FCB0DBAEA}"
EndProject
Global
	GlobalSection(SolutionConfigurationPlatforms) = preSolution
		Debug|Any CPU = Debug|Any CPU
		Release|Any CPU = Release|Any CPU
	EndGlobalSection
	GlobalSection(ProjectConfigurationPlatforms) = postSolution
		{63D6BEEC-1F15-4B27-9692-C61FCB0DBAEA}.Debug|Any CPU.ActiveCfg = Debug|Any CPU
		{63D6BEEC-1F15-4B27-9692-C61FCB0DBAEA}.Debug|Any CPU.Build.0 = Debug|Any CPU
		{63D6BEEC-1F15-4B27-9692-C61FCB0DBAEA}.Release|Any CPU.ActiveCfg = Release|Any CPU
		{63D6BEEC-1F15-4B27-9692-C61FCB0DBAEA}.Release|Any CPU.Build.0 = Release|Any CPU
	EndGlobalSection
	GlobalSection(SolutionProperties) = preSolution
		HideSolutionNode = FALSE
	EndGlobalSection
	GlobalSection(ExtensibilityGlobals) = postSolution
		SolutionGuid = {7A280304-D3BD-4CC3-A492-A14D4EF80A0B}
	EndGlobalSection
EndGlobal
